<?xml version="1.0" encoding="utf-8"?>
<Project ToolsVersion="4.0" xmlns="http://schemas.microsoft.com/developer/msbuild/2003">
  <ItemGroup>
    <Filter Include="Root">
      <UniqueIdentifier>{0E55E796-A514-4D16-B528-A66DD3508373}</UniqueIdentifier>
    </Filter>
    <Filter Include="Game">
      <UniqueIdentifier>{1353442D-F085-475C-A9FB-243356555AD9}</UniqueIdentifier>
    </Filter>
    <Filter Include="Shaders">
      <UniqueIdentifier>{2D370238-5808-4122-8F12-CC0BC95C325B}</UniqueIdentifier>
    </Filter>
    <Filter Include="Assets">
      <UniqueIdentifier>{428AD021-CD2C-4A16-80C1-F6ED8F0D2C63}</UniqueIdentifier>
    </Filter>
    <Filter Include="Engine">
      <UniqueIdentifier>{78592CD9-8981-4E95-B5AF-E802FEF63368}</UniqueIdentifier>
    </Filter>
    <Filter Include="Engine\Core">
      <UniqueIdentifier>{0186613E-4C0C-4D1E-B798-3805AD96DA25}</UniqueIdentifier>
    </Filter>
    <Filter Include="Engine\Audio">
      <UniqueIdentifier>{D9DC9805-BC6F-46D5-B9B8-393D16C20A3F}</UniqueIdentifier>
    </Filter>
    <Filter Include="Engine\Diagnostics">
      <UniqueIdentifier>{CC559ABF-A592-42AB-B02E-375B9420FF96}</UniqueIdentifier>
    </Filter>
    <Filter Include="Engine\Input">
      <UniqueIdentifier>{16F7B724-8496-4E8F-A9E2-6B37535B5DFD}</UniqueIdentifier>
    </Filter>
    <Filter Include="Engine\Platform">
      <UniqueIdentifier>{6D06DC09-E73D-4CC9-8561-D7BD013C8581}</UniqueIdentifier>
    </Filter>
    <Filter Include="Engine\Runtime">
      <UniqueIdentifier>{D2777F67-8627-4DD5-8063-A53FF87091A2}</UniqueIdentifier>
    </Filter>
    <Filter Include="Engine\Scene">
      <UniqueIdentifier>{22531206-621B-4D96-A77F-6FB789DE8E71}</UniqueIdentifier>
    </Filter>
    <Filter Include="Engine\Rendering">
      <UniqueIdentifier>{35C9226F-A29D-4A05-A090-E32830493984}</UniqueIdentifier>
    </Filter>
    <Filter Include="Engine\Rendering\Device">
      <UniqueIdentifier>{84D1D101-B66C-4CD1-884E-E9D544114558}</UniqueIdentifier>
    </Filter>
    <Filter Include="Engine\Rendering\Geometry">
      <UniqueIdentifier>{8DC89A05-E038-47E5-A687-C5CB7CB41196}</UniqueIdentifier>
    </Filter>
    <Filter Include="Engine\Rendering\Pipelines">
      <UniqueIdentifier>{B09BAAA7-A88F-47FE-A010-505479820C10}</UniqueIdentifier>
    </Filter>
    <Filter Include="Engine\Rendering\Shaders">
      <UniqueIdentifier>{D904B6B9-19E0-41C8-AE48-51E8CA463CBF}</UniqueIdentifier>
    </Filter>
    <Filter Include="Engine\Rendering\Textures">
      <UniqueIdentifier>{5042CE6A-D9B3-4B0E-8D02-46CE0FD0F661}</UniqueIdentifier>
    </Filter>
    <Filter Include="Engine\Rendering\UI">
      <UniqueIdentifier>{BC579699-B7B7-4609-BBAF-170900B40455}</UniqueIdentifier>
    </Filter>
  </ItemGroup>
  <ItemGroup>
    <ClInclude Include="Engine\Core\AlignedAllocationPolicy.h">
      <Filter>Engine\Core</Filter>
    </ClInclude>
    <ClInclude Include="Engine\Core\Error.h">
      <Filter>Engine\Core</Filter>
    </ClInclude>
    <ClInclude Include="Engine\Core\Log.h">
      <Filter>Engine\Core</Filter>
    </ClInclude>
    <ClInclude Include="Engine\Core\Result.h">
      <Filter>Engine\Core</Filter>
    </ClInclude>
    <ClInclude Include="Engine\Rendering\UI\bitmapclass.h">
      <Filter>Engine\Rendering\UI</Filter>
    </ClInclude>
    <ClInclude Include="Engine\Scene\cameraclass.h">
      <Filter>Engine\Scene</Filter>
    </ClInclude>
    <ClInclude Include="Engine\Scene\CollisionHelpers.h">
      <Filter>Engine\Scene</Filter>
    </ClInclude>
    <ClInclude Include="Engine\Diagnostics\CpuClass.h">
      <Filter>Engine\Diagnostics</Filter>
    </ClInclude>
    <ClInclude Include="Engine\Rendering\Device\d3dclass.h">
      <Filter>Engine\Rendering\Device</Filter>
    </ClInclude>
    <ClInclude Include="Engine\Rendering\Device\D3DHelpers.h">
      <Filter>Engine\Rendering\Device</Filter>
    </ClInclude>
    <ClInclude Include="Engine\Rendering\Textures\DDSTextureLoader.h">
      <Filter>Engine\Rendering\Textures</Filter>
    </ClInclude>
    <ClInclude Include="Engine\Rendering\Shaders\DepthShaderClass.h">
      <Filter>Engine\Rendering\Shaders</Filter>
    </ClInclude>
    <ClInclude Include="Engine\Rendering\Device\DxDefine.h">
      <Filter>Engine\Rendering\Device</Filter>
    </ClInclude>
    <ClInclude Include="Engine\Application.h">
      <Filter>Engine</Filter>
    </ClInclude>
    <ClInclude Include="Engine\Core\ScopedResource.h">
      <Filter>Engine\Core</Filter>
    </ClInclude>
    <ClInclude Include="Engine\Core\ScopeExit.h">
      <Filter>Engine\Core</Filter>
    </ClInclude>
    <ClInclude Include="Engine\FrameContext.h">
      <Filter>Engine\Runtime</Filter>
    </ClInclude>
    <ClInclude Include="Engine\IGame.h">
      <Filter>Engine\Runtime</Filter>
    </ClInclude>
    <ClInclude Include="Engine\Platform\NativeWindow.h">
      <Filter>Engine\Platform</Filter>
    </ClInclude>
    <ClInclude Include="Engine\Input\FirstPersonCameraController.h">
      <Filter>Engine\Input</Filter>
    </ClInclude>
    <ClInclude Include="Engine\Input\InputSnapshot.h">
      <Filter>Engine\Input</Filter>
    </ClInclude>
    <ClInclude Include="Engine\Rendering\Pipelines\SoftShadowPipeline.h">
      <Filter>Engine\Rendering\Pipelines</Filter>
    </ClInclude>
    <ClInclude Include="Engine\Runtime\FixedStepScheduler.h">
      <Filter>Engine\Runtime</Filter>
    </ClInclude>
    <ClInclude Include="Engine\Rendering\Textures\ITexture.h">
      <Filter>Engine\Rendering\Textures</Filter>
    </ClInclude>
    <ClInclude Include="Engine\Rendering\Textures\TextureResources.h">
      <Filter>Engine\Rendering\Textures</Filter>
    </ClInclude>
    <ClInclude Include="Engine\Scene\GameObject.h">
      <Filter>Engine\Scene</Filter>
    </ClInclude>
    <ClInclude Include="Engine\Scene\SceneDefinition.h">
      <Filter>Engine\Scene</Filter>
    </ClInclude>
    <ClInclude Include="Engine\Scene\Transform.h">
      <Filter>Engine\Scene</Filter>
    </ClInclude>
    <ClInclude Include="Engine\Platform\Win32Window.h">
      <Filter>Engine\Platform</Filter>
    </ClInclude>
    <ClInclude Include="Engine\Rendering\Shaders\FireShaderClass.h">
      <Filter>Engine\Rendering\Shaders</Filter>
    </ClInclude>
    <ClInclude Include="Engine\Rendering\Geometry\foliageclass.h">
      <Filter>Engine\Rendering\Geometry</Filter>
    </ClInclude>
    <ClInclude Include="Engine\Rendering\Shaders\foliageshaderclass.h">
      <Filter>Engine\Rendering\Shaders</Filter>
    </ClInclude>
    <ClInclude Include="Engine\Rendering\UI\fontclass.h">
      <Filter>Engine\Rendering\UI</Filter>
    </ClInclude>
    <ClInclude Include="Engine\Rendering\Shaders\fontshaderclass.h">
      <Filter>Engine\Rendering\Shaders</Filter>
    </ClInclude>
    <ClInclude Include="Engine\Diagnostics\FpsClass.h">
      <Filter>Engine\Diagnostics</Filter>
    </ClInclude>
    <ClInclude Include="Game\graphicsclass.h">
      <Filter>Game</Filter>
    </ClInclude>
    <ClInclude Include="Engine\Rendering\Shaders\HorizontalBlurShaderClass.h">
      <Filter>Engine\Rendering\Shaders</Filter>
    </ClInclude>
    <ClInclude Include="Engine\Input\inputclass.h">
      <Filter>Engine\Input</Filter>
    </ClInclude>
    <ClInclude Include="Engine\Scene\LightClass.h">
      <Filter>Engine\Scene</Filter>
    </ClInclude>
    <ClInclude Include="Engine\Rendering\Shaders\lightshaderclass.h">
      <Filter>Engine\Rendering\Shaders</Filter>
    </ClInclude>
    <ClInclude Include="Engine\Rendering\Geometry\modelclass.h">
      <Filter>Engine\Rendering\Geometry</Filter>
    </ClInclude>
    <ClInclude Include="Engine\Rendering\Geometry\ModelClassForNoiseFilter.h">
      <Filter>Engine\Rendering\Geometry</Filter>
    </ClInclude>
    <ClInclude Include="Engine\Rendering\Geometry\OrthoWindowClass.h">
      <Filter>Engine\Rendering\Geometry</Filter>
    </ClInclude>
    <ClInclude Include="Engine\Rendering\Shaders\ShadowShaderClass.h">
      <Filter>Engine\Rendering\Shaders</Filter>
    </ClInclude>
    <ClInclude Include="Engine\Rendering\Geometry\SkyDomeClass.h">
      <Filter>Engine\Rendering\Geometry</Filter>
    </ClInclude>
    <ClInclude Include="Engine\Rendering\Shaders\SkyDomeShaderClass.h">
      <Filter>Engine\Rendering\Shaders</Filter>
    </ClInclude>
    <ClInclude Include="Engine\Rendering\Shaders\SoftShadowShaderClass.h">
      <Filter>Engine\Rendering\Shaders</Filter>
    </ClInclude>
    <ClInclude Include="Engine\Audio\SoundClass.h">
      <Filter>Engine\Audio</Filter>
    </ClInclude>
    <ClInclude Include="stdafx.h">
      <Filter>Root</Filter>
    </ClInclude>
    <ClInclude Include="targetver.h">
      <Filter>Root</Filter>
    </ClInclude>
    <ClInclude Include="Engine\Rendering\Geometry\TerrainClass.h">
      <Filter>Engine\Rendering\Geometry</Filter>
    </ClInclude>
    <ClInclude Include="Engine\Rendering\Shaders\TerrainShaderClass.h">
      <Filter>Engine\Rendering\Shaders</Filter>
    </ClInclude>
    <ClInclude Include="Engine\Rendering\UI\textclass.h">
      <Filter>Engine\Rendering\UI</Filter>
    </ClInclude>
    <ClInclude Include="Engine\Rendering\Shaders\textureshaderclass.h">
      <Filter>Engine\Rendering\Shaders</Filter>
    </ClInclude>
    <ClInclude Include="Engine\Diagnostics\TimerClass.h">
      <Filter>Engine\Diagnostics</Filter>
    </ClInclude>
    <ClInclude Include="Engine\Rendering\Shaders\VerticalBlurShaderClass.h">
      <Filter>Engine\Rendering\Shaders</Filter>
    </ClInclude>
  </ItemGroup>
  <ItemGroup>
    <ClCompile Include="Engine\Rendering\UI\bitmapclass.cpp">
      <Filter>Engine\Rendering\UI</Filter>
    </ClCompile>
    <ClCompile Include="Engine\Scene\cameraclass.cpp">
      <Filter>Engine\Scene</Filter>
    </ClCompile>
    <ClCompile Include="Engine\Diagnostics\CpuClass.cpp">
      <Filter>Engine\Diagnostics</Filter>
    </ClCompile>
    <ClCompile Include="Engine\Rendering\Device\d3dclass.cpp">
      <Filter>Engine\Rendering\Device</Filter>
    </ClCompile>
    <ClCompile Include="Engine\Rendering\Textures\DDSTextureLoader.cpp">
      <Filter>Engine\Rendering\Textures</Filter>
    </ClCompile>
    <ClCompile Include="Engine\Rendering\Shaders\DepthShaderClass.cpp">
      <Filter>Engine\Rendering\Shaders</Filter>
    </ClCompile>
    <ClCompile Include="Engine\Application.cpp">
      <Filter>Engine</Filter>
    </ClCompile>
    <ClCompile Include="Engine\Input\FirstPersonCameraController.cpp">
      <Filter>Engine\Input</Filter>
    </ClCompile>
    <ClCompile Include="Engine\Rendering\Pipelines\SoftShadowPipeline.cpp">
      <Filter>Engine\Rendering\Pipelines</Filter>
    </ClCompile>
    <ClCompile Include="Engine\Rendering\Textures\TextureResources.cpp">
      <Filter>Engine\Rendering\Textures</Filter>
    </ClCompile>
    <ClCompile Include="Engine\Scene\GameObject.cpp">
      <Filter>Engine\Scene</Filter>
    </ClCompile>
    <ClCompile Include="Engine\Scene\SceneDefinition.cpp">
      <Filter>Engine\Scene</Filter>
    </ClCompile>
    <ClCompile Include="Engine\Platform\Win32Window.cpp">
      <Filter>Engine\Platform</Filter>
    </ClCompile>
    <ClCompile Include="Engine\Rendering\Shaders\FireShaderClass.cpp">
      <Filter>Engine\Rendering\Shaders</Filter>
    </ClCompile>
    <ClCompile Include="Engine\Rendering\Geometry\foliageclass.cpp">
      <Filter>Engine\Rendering\Geometry</Filter>
    </ClCompile>
    <ClCompile Include="Engine\Rendering\Shaders\foliageshaderclass.cpp">
      <Filter>Engine\Rendering\Shaders</Filter>
    </ClCompile>
    <ClCompile Include="Engine\Rendering\UI\fontclass.cpp">
      <Filter>Engine\Rendering\UI</Filter>
    </ClCompile>
    <ClCompile Include="Engine\Rendering\Shaders\fontshaderclass.cpp">
      <Filter>Engine\Rendering\Shaders</Filter>
    </ClCompile>
    <ClCompile Include="Engine\Diagnostics\FpsClass.cpp">
      <Filter>Engine\Diagnostics</Filter>
    </ClCompile>
    <ClCompile Include="Game\graphicsclass.cpp">
      <Filter>Game</Filter>
    </ClCompile>
    <ClCompile Include="Engine\Rendering\Shaders\HorizontalBlurShaderClass.cpp">
      <Filter>Engine\Rendering\Shaders</Filter>
    </ClCompile>
    <ClCompile Include="Engine\Input\inputclass.cpp">
      <Filter>Engine\Input</Filter>
    </ClCompile>
    <ClCompile Include="Engine\Scene\LightClass.cpp">
      <Filter>Engine\Scene</Filter>
    </ClCompile>
    <ClCompile Include="Engine\Rendering\Shaders\lightshaderclass.cpp">
      <Filter>Engine\Rendering\Shaders</Filter>
    </ClCompile>
    <ClCompile Include="main.cpp">
      <Filter>Root</Filter>
    </ClCompile>
    <ClCompile Include="Engine\Rendering\Geometry\modelclass.cpp">
      <Filter>Engine\Rendering\Geometry</Filter>
    </ClCompile>
    <ClCompile Include="Engine\Rendering\Geometry\ModelClassForNoiseFilter.cpp">
      <Filter>Engine\Rendering\Geometry</Filter>
    </ClCompile>
    <ClCompile Include="Engine\Rendering\Geometry\OrthoWindowClass.cpp">
      <Filter>Engine\Rendering\Geometry</Filter>
    </ClCompile>
    <ClCompile Include="Engine\Rendering\Shaders\ShadowShaderClass.cpp">
      <Filter>Engine\Rendering\Shaders</Filter>
    </ClCompile>
    <ClCompile Include="Engine\Rendering\Geometry\SkyDomeClass.cpp">
      <Filter>Engine\Rendering\Geometry</Filter>
    </ClCompile>
    <ClCompile Include="Engine\Rendering\Shaders\SkyDomeShaderClass.cpp">
      <Filter>Engine\Rendering\Shaders</Filter>
    </ClCompile>
    <ClCompile Include="Engine\Rendering\Shaders\SoftShadowShaderClass.cpp">
      <Filter>Engine\Rendering\Shaders</Filter>
    </ClCompile>
    <ClCompile Include="Engine\Audio\SoundClass.cpp">
      <Filter>Engine\Audio</Filter>
    </ClCompile>
    <ClCompile Include="stdafx.cpp">
      <Filter>Root</Filter>
    </ClCompile>
    <ClCompile Include="Engine\Rendering\Geometry\TerrainClass.cpp">
      <Filter>Engine\Rendering\Geometry</Filter>
    </ClCompile>
    <ClCompile Include="Engine\Rendering\Shaders\TerrainShaderClass.cpp">
      <Filter>Engine\Rendering\Shaders</Filter>
    </ClCompile>
    <ClCompile Include="Engine\Rendering\UI\textclass.cpp">
      <Filter>Engine\Rendering\UI</Filter>
    </ClCompile>
    <ClCompile Include="Engine\Rendering\Shaders\textureshaderclass.cpp">
      <Filter>Engine\Rendering\Shaders</Filter>
    </ClCompile>
    <ClCompile Include="Engine\Diagnostics\TimerClass.cpp">
      <Filter>Engine\Diagnostics</Filter>
    </ClCompile>
    <ClCompile Include="Engine\Rendering\Shaders\VerticalBlurShaderClass.cpp">
      <Filter>Engine\Rendering\Shaders</Filter>
    </ClCompile>
  </ItemGroup>
  <ItemGroup>
    <FxCompile Include="data\depth_ps.hlsl">
      <Filter>Shaders</Filter>
    </FxCompile>
    <FxCompile Include="data\depth_vs.hlsl">
      <Filter>Shaders</Filter>
    </FxCompile>
    <FxCompile Include="data\fire_ps.hlsl">
      <Filter>Shaders</Filter>
    </FxCompile>
    <FxCompile Include="data\fire_vs.hlsl">
      <Filter>Shaders</Filter>
    </FxCompile>
    <FxCompile Include="data\foliage_ps.hlsl">
      <Filter>Shaders</Filter>
    </FxCompile>
    <FxCompile Include="data\foliage_vs.hlsl">
      <Filter>Shaders</Filter>
    </FxCompile>
    <FxCompile Include="data\horizontalblur_ps.hlsl">
      <Filter>Shaders</Filter>
    </FxCompile>
    <FxCompile Include="data\horizontalblur_vs.hlsl">
      <Filter>Shaders</Filter>
    </FxCompile>
    <FxCompile Include="data\shadow_ps.hlsl">
      <Filter>Shaders</Filter>
    </FxCompile>
    <FxCompile Include="data\shadow_vs.hlsl">
      <Filter>Shaders</Filter>
    </FxCompile>
    <FxCompile Include="data\skydome_ps.hlsl">
      <Filter>Shaders</Filter>
    </FxCompile>
    <FxCompile Include="data\skydome_vs.hlsl">
      <Filter>Shaders</Filter>
    </FxCompile>
    <FxCompile Include="data\softshadow_ps.hlsl">
      <Filter>Shaders</Filter>
    </FxCompile>
    <FxCompile Include="data\softshadow_vs.hlsl">
      <Filter>Shaders</Filter>
    </FxCompile>
    <FxCompile Include="data\terrain_ps.hlsl">
      <Filter>Shaders</Filter>
    </FxCompile>
    <FxCompile Include="data\terrain_vs.hlsl">
      <Filter>Shaders</Filter>
    </FxCompile>
    <FxCompile Include="data\verticalblur_ps.hlsl">
      <Filter>Shaders</Filter>
    </FxCompile>
    <FxCompile Include="data\verticalblur_vs.hlsl">
      <Filter>Shaders</Filter>
    </FxCompile>
  </ItemGroup>
  <ItemGroup>
    <None Include="data\color.ps">
      <Filter>Assets</Filter>
    </None>
    <None Include="data\color.vs">
      <Filter>Assets</Filter>
    </None>
    <None Include="data\font.ps">
      <Filter>Assets</Filter>
    </None>
    <None Include="data\font.vs">
      <Filter>Assets</Filter>
    </None>
    <None Include="data\light.ps">
      <Filter>Assets</Filter>
    </None>
    <None Include="data\light.vs">
      <Filter>Assets</Filter>
    </None>
    <None Include="data\texture.ps">
      <Filter>Assets</Filter>
    </None>
    <None Include="data\texture.vs">
      <Filter>Assets</Filter>
    </None>
  </ItemGroup>
</Project>
